// !$*UTF8*$!
{
	archiveVersion = 1;
	classes = {
	};
	objectVersion = 46;
	objects = {

/* Begin PBXBuildFile section */
		009BF79317EC31DA00AB8E82 /* UIKit.framework in Frameworks */ = {isa = PBXBuildFile; fileRef = 009BF79217EC31DA00AB8E82 /* UIKit.framework */; };
		009BF79517EC31DA00AB8E82 /* Foundation.framework in Frameworks */ = {isa = PBXBuildFile; fileRef = 009BF79417EC31DA00AB8E82 /* Foundation.framework */; };
		009BF79717EC31DA00AB8E82 /* CoreGraphics.framework in Frameworks */ = {isa = PBXBuildFile; fileRef = 009BF79617EC31DA00AB8E82 /* CoreGraphics.framework */; };
		009BF79D17EC31DA00AB8E82 /* InfoPlist.strings in Resources */ = {isa = PBXBuildFile; fileRef = 009BF79B17EC31DA00AB8E82 /* InfoPlist.strings */; };
		009BF79F17EC31DA00AB8E82 /* main.m in Sources */ = {isa = PBXBuildFile; fileRef = 009BF79E17EC31DA00AB8E82 /* main.m */; };
		009BF7A317EC31DA00AB8E82 /* BIDAppDelegate.m in Sources */ = {isa = PBXBuildFile; fileRef = 009BF7A217EC31DA00AB8E82 /* BIDAppDelegate.m */; };
		009BF7A617EC31DA00AB8E82 /* BIDViewController.m in Sources */ = {isa = PBXBuildFile; fileRef = 009BF7A517EC31DA00AB8E82 /* BIDViewController.m */; };
		009BF7A917EC31DB00AB8E82 /* BIDViewController.xib in Resources */ = {isa = PBXBuildFile; fileRef = 009BF7A717EC31DB00AB8E82 /* BIDViewController.xib */; };
		009BF7B117EC322900AB8E82 /* BIDQuartzFunView.m in Sources */ = {isa = PBXBuildFile; fileRef = 009BF7B017EC322900AB8E82 /* BIDQuartzFunView.m */; };
		009BF7B517EC32B800AB8E82 /* UIColor+BIDRandom.m in Sources */ = {isa = PBXBuildFile; fileRef = 009BF7B417EC32B800AB8E82 /* UIColor+BIDRandom.m */; };
/* End PBXBuildFile section */

/* Begin PBXFileReference section */
		009BF78E17EC31DA00AB8E82 /* QuartzFun.app */ = {isa = PBXFileReference; explicitFileType = wrapper.application; includeInIndex = 0; path = QuartzFun.app; sourceTree = BUILT_PRODUCTS_DIR; };
		009BF79217EC31DA00AB8E82 /* UIKit.framework */ = {isa = PBXFileReference; lastKnownFileType = wrapper.framework; name = UIKit.framework; path = System/Library/Frameworks/UIKit.framework; sourceTree = SDKROOT; };
		009BF79417EC31DA00AB8E82 /* Foundation.framework */ = {isa = PBXFileReference; lastKnownFileType = wrapper.framework; name = Foundation.framework; path = System/Library/Frameworks/Foundation.framework; sourceTree = SDKROOT; };
		009BF79617EC31DA00AB8E82 /* CoreGraphics.framework */ = {isa = PBXFileReference; lastKnownFileType = wrapper.framework; name = CoreGraphics.framework; path = System/Library/Frameworks/CoreGraphics.framework; sourceTree = SDKROOT; };
		009BF79A17EC31DA00AB8E82 /* QuartzFun-Info.plist */ = {isa = PBXFileReference; lastKnownFileType = text.plist.xml; path = "QuartzFun-Info.plist"; sourceTree = "<group>"; };
		009BF79C17EC31DA00AB8E82 /* en */ = {isa = PBXFileReference; lastKnownFileType = text.plist.strings; name = en; path = en.lproj/InfoPlist.strings; sourceTree = "<group>"; };
		009BF79E17EC31DA00AB8E82 /* main.m */ = {isa = PBXFileReference; lastKnownFileType = sourcecode.c.objc; path = main.m; sourceTree = "<group>"; };
		009BF7A017EC31DA00AB8E82 /* QuartzFun-Prefix.pch */ = {isa = PBXFileReference; lastKnownFileType = sourcecode.c.h; path = "QuartzFun-Prefix.pch"; sourceTree = "<group>"; };
		009BF7A117EC31DA00AB8E82 /* BIDAppDelegate.h */ = {isa = PBXFileReference; lastKnownFileType = sourcecode.c.h; path = BIDAppDelegate.h; sourceTree = "<group>"; };
		009BF7A217EC31DA00AB8E82 /* BIDAppDelegate.m */ = {isa = PBXFileReference; lastKnownFileType = sourcecode.c.objc; path = BIDAppDelegate.m; sourceTree = "<group>"; };
		009BF7A417EC31DA00AB8E82 /* BIDViewController.h */ = {isa = PBXFileReference; lastKnownFileType = sourcecode.c.h; path = BIDViewController.h; sourceTree = "<group>"; };
		009BF7A517EC31DA00AB8E82 /* BIDViewController.m */ = {isa = PBXFileReference; lastKnownFileType = sourcecode.c.objc; path = BIDViewController.m; sourceTree = "<group>"; };
		009BF7A817EC31DB00AB8E82 /* en */ = {isa = PBXFileReference; lastKnownFileType = file.xib; name = en; path = en.lproj/BIDViewController.xib; sourceTree = "<group>"; };
		009BF7AF17EC322900AB8E82 /* BIDQuartzFunView.h */ = {isa = PBXFileReference; fileEncoding = 4; lastKnownFileType = sourcecode.c.h; path = BIDQuartzFunView.h; sourceTree = "<group>"; };
		009BF7B017EC322900AB8E82 /* BIDQuartzFunView.m */ = {isa = PBXFileReference; fileEncoding = 4; lastKnownFileType = sourcecode.c.objc; path = BIDQuartzFunView.m; sourceTree = "<group>"; };
		009BF7B217EC325F00AB8E82 /* BIDConstants.h */ = {isa = PBXFileReference; fileEncoding = 4; lastKnownFileType = sourcecode.c.h; path = BIDConstants.h; sourceTree = "<group>"; };
		009BF7B317EC32B800AB8E82 /* UIColor+BIDRandom.h */ = {isa = PBXFileReference; fileEncoding = 4; lastKnownFileType = sourcecode.c.h; path = "UIColor+BIDRandom.h"; sourceTree = "<group>"; };
		009BF7B417EC32B800AB8E82 /* UIColor+BIDRandom.m */ = {isa = PBXFileReference; fileEncoding = 4; lastKnownFileType = sourcecode.c.objc; path = "UIColor+BIDRandom.m"; sourceTree = "<group>"; };
/* End PBXFileReference section */

/* Begin PBXFrameworksBuildPhase section */
		009BF78B17EC31DA00AB8E82 /* Frameworks */ = {
			isa = PBXFrameworksBuildPhase;
			buildActionMask = 2147483647;
			files = (
				009BF79317EC31DA00AB8E82 /* UIKit.framework in Frameworks */,
				009BF79517EC31DA00AB8E82 /* Foundation.framework in Frameworks */,
				009BF79717EC31DA00AB8E82 /* CoreGraphics.framework in Frameworks */,
			);
			runOnlyForDeploymentPostprocessing = 0;
		};
/* End PBXFrameworksBuildPhase section */

/* Begin PBXGroup section */
		009BF78317EC31DA00AB8E82 = {
			isa = PBXGroup;
			children = (
				009BF79817EC31DA00AB8E82 /* QuartzFun */,
				009BF79117EC31DA00AB8E82 /* Frameworks */,
				009BF78F17EC31DA00AB8E82 /* Products */,
			);
			sourceTree = "<group>";
		};
		009BF78F17EC31DA00AB8E82 /* Products */ = {
			isa = PBXGroup;
			children = (
				009BF78E17EC31DA00AB8E82 /* QuartzFun.app */,
			);
			name = Products;
			sourceTree = "<group>";
		};
		009BF79117EC31DA00AB8E82 /* Frameworks */ = {
			isa = PBXGroup;
			children = (
				009BF79217EC31DA00AB8E82 /* UIKit.framework */,
				009BF79417EC31DA00AB8E82 /* Foundation.framework */,
				009BF79617EC31DA00AB8E82 /* CoreGraphics.framework */,
			);
			name = Frameworks;
			sourceTree = "<group>";
		};
		009BF79817EC31DA00AB8E82 /* QuartzFun */ = {
			isa = PBXGroup;
			children = (
				009BF7A117EC31DA00AB8E82 /* BIDAppDelegate.h */,
				009BF7A217EC31DA00AB8E82 /* BIDAppDelegate.m */,
				009BF7A417EC31DA00AB8E82 /* BIDViewController.h */,
				009BF7A517EC31DA00AB8E82 /* BIDViewController.m */,
				009BF7A717EC31DB00AB8E82 /* BIDViewController.xib */,
				009BF79917EC31DA00AB8E82 /* Supporting Files */,
				009BF7AF17EC322900AB8E82 /* BIDQuartzFunView.h */,
				009BF7B017EC322900AB8E82 /* BIDQuartzFunView.m */,
				009BF7B217EC325F00AB8E82 /* BIDConstants.h */,
				009BF7B317EC32B800AB8E82 /* UIColor+BIDRandom.h */,
				009BF7B417EC32B800AB8E82 /* UIColor+BIDRandom.m */,
			);
			path = QuartzFun;
			sourceTree = "<group>";
		};
		009BF79917EC31DA00AB8E82 /* Supporting Files */ = {
			isa = PBXGroup;
			children = (
				009BF79A17EC31DA00AB8E82 /* QuartzFun-Info.plist */,
				009BF79B17EC31DA00AB8E82 /* InfoPlist.strings */,
				009BF79E17EC31DA00AB8E82 /* main.m */,
				009BF7A017EC31DA00AB8E82 /* QuartzFun-Prefix.pch */,
			);
			name = "Supporting Files";
			sourceTree = "<group>";
		};
/* End PBXGroup section */

/* Begin PBXNativeTarget section */
		009BF78D17EC31DA00AB8E82 /* QuartzFun */ = {
			isa = PBXNativeTarget;
			buildConfigurationList = 009BF7AC17EC31DB00AB8E82 /* Build configuration list for PBXNativeTarget "QuartzFun" */;
			buildPhases = (
				009BF78A17EC31DA00AB8E82 /* Sources */,
				009BF78B17EC31DA00AB8E82 /* Frameworks */,
				009BF78C17EC31DA00AB8E82 /* Resources */,
			);
			buildRules = (
			);
			dependencies = (
			);
			name = QuartzFun;
			productName = QuartzFun;
			productReference = 009BF78E17EC31DA00AB8E82 /* QuartzFun.app */;
			productType = "com.apple.product-type.application";
		};
/* End PBXNativeTarget section */

/* Begin PBXProject section */
		009BF78517EC31DA00AB8E82 /* Project object */ = {
			isa = PBXProject;
			attributes = {
				LastUpgradeCheck = 0420;
			};
			buildConfigurationList = 009BF78817EC31DA00AB8E82 /* Build configuration list for PBXProject "QuartzFun" */;
			compatibilityVersion = "Xcode 3.2";
			developmentRegion = English;
			hasScannedForEncodings = 0;
			knownRegions = (
				en,
			);
			mainGroup = 009BF78317EC31DA00AB8E82;
			productRefGroup = 009BF78F17EC31DA00AB8E82 /* Products */;
			projectDirPath = "";
			projectRoot = "";
			targets = (
				009BF78D17EC31DA00AB8E82 /* QuartzFun */,
			);
		};
/* End PBXProject section */

/* Begin PBXResourcesBuildPhase section */
		009BF78C17EC31DA00AB8E82 /* Resources */ = {
			isa = PBXResourcesBuildPhase;
			buildActionMask = 2147483647;
			files = (
				009BF79D17EC31DA00AB8E82 /* InfoPlist.strings in Resources */,
				009BF7A917EC31DB00AB8E82 /* BIDViewController.xib in Resources */,
			);
			runOnlyForDeploymentPostprocessing = 0;
		};
/* End PBXResourcesBuildPhase section */

/* Begin PBXSourcesBuildPhase section */
		009BF78A17EC31DA00AB8E82 /* Sources */ = {
			isa = PBXSourcesBuildPhase;
			buildActionMask = 2147483647;
			files = (
				009BF79F17EC31DA00AB8E82 /* main.m in Sources */,
				009BF7A317EC31DA00AB8E82 /* BIDAppDelegate.m in Sources */,
				009BF7A617EC31DA00AB8E82 /* BIDViewController.m in Sources */,
				009BF7B117EC322900AB8E82 /* BIDQuartzFunView.m in Sources */,
				009BF7B517EC32B800AB8E82 /* UIColor+BIDRandom.m in Sources */,
			);
			runOnlyForDeploymentPostprocessing = 0;
		};
/* End PBXSourcesBuildPhase section */

/* Begin PBXVariantGroup section */
		009BF79B17EC31DA00AB8E82 /* InfoPlist.strings */ = {
			isa = PBXVariantGroup;
			children = (
				009BF79C17EC31DA00AB8E82 /* en */,
			);
			name = InfoPlist.strings;
			sourceTree = "<group>";
		};
		009BF7A717EC31DB00AB8E82 /* BIDViewController.xib */ = {
			isa = PBXVariantGroup;
			children = (
				009BF7A817EC31DB00AB8E82 /* en */,
			);
			name = BIDViewController.xib;
			sourceTree = "<group>";
		};
/* End PBXVariantGroup section */

/* Begin XCBuildConfiguration section */
		009BF7AA17EC31DB00AB8E82 /* Debug */ = {
			isa = XCBuildConfiguration;
			buildSettings = {
				ALWAYS_SEARCH_USER_PATHS = NO;
				ARCHS = "$(ARCHS_STANDARD_32_BIT)";
				CLANG_ENABLE_OBJC_ARC = YES;
				"CODE_SIGN_IDENTITY[sdk=iphoneos*]" = "iPhone Developer";
				COPY_PHASE_STRIP = NO;
				GCC_C_LANGUAGE_STANDARD = gnu99;
				GCC_DYNAMIC_NO_PIC = NO;
				GCC_OPTIMIZATION_LEVEL = 0;
				GCC_PREPROCESSOR_DEFINITIONS = (
					"DEBUG=1",
					"$(inherited)",
				);
				GCC_SYMBOLS_PRIVATE_EXTERN = NO;
				GCC_VERSION = com.apple.compilers.llvm.clang.1_0;
				GCC_WARN_ABOUT_MISSING_PROTOTYPES = YES;
				GCC_WARN_ABOUT_RETURN_TYPE = YES;
				GCC_WARN_UNUSED_VARIABLE = YES;
				IPHONEOS_DEPLOYMENT_TARGET = 5.0;
				SDKROOT = iphoneos;
			};
			name = Debug;
		};
		009BF7AB17EC31DB00AB8E82 /* Release */ = {
			isa = XCBuildConfiguration;
			buildSettings = {
				ALWAYS_SEARCH_USER_PATHS = NO;
				ARCHS = "$(ARCHS_STANDARD_32_BIT)";
				CLANG_ENABLE_OBJC_ARC = YES;
				"CODE_SIGN_IDENTITY[sdk=iphoneos*]" = "iPhone Developer";
				COPY_PHASE_STRIP = YES;
				GCC_C_LANGUAGE_STANDARD = gnu99;
				GCC_VERSION = com.apple.compilers.llvm.clang.1_0;
				GCC_WARN_ABOUT_MISSING_PROTOTYPES = YES;
				GCC_WARN_ABOUT_RETURN_TYPE = YES;
				GCC_WARN_UNUSED_VARIABLE = YES;
				IPHONEOS_DEPLOYMENT_TARGET = 5.0;
				OTHER_CFLAGS = "-DNS_BLOCK_ASSERTIONS=1";
				SDKROOT = iphoneos;
				VALIDATE_PRODUCT = YES;
			};
			name = Release;
		};
		009BF7AD17EC31DB00AB8E82 /* Debug */ = {
			isa = XCBuildConfiguration;
			buildSettings = {
				GCC_PRECOMPILE_PREFIX_HEADER = YES;
				GCC_PREFIX_HEADER = "QuartzFun/QuartzFun-Prefix.pch";
				INFOPLIST_FILE = "QuartzFun/QuartzFun-Info.plist";
				PRODUCT_NAME = "$(TARGET_NAME)";
				WRAPPER_EXTENSION = app;
			};
			name = Debug;
		};
		009BF7AE17EC31DB00AB8E82 /* Release */ = {
			isa = XCBuildConfiguration;
			buildSettings = {
				GCC_PRECOMPILE_PREFIX_HEADER = YES;
				GCC_PREFIX_HEADER = "QuartzFun/QuartzFun-Prefix.pch";
				INFOPLIST_FILE = "QuartzFun/QuartzFun-Info.plist";
				PRODUCT_NAME = "$(TARGET_NAME)";
				WRAPPER_EXTENSION = app;
			};
			name = Release;
		};
/* End XCBuildConfiguration section */

/* Begin XCConfigurationList section */
		009BF78817EC31DA00AB8E82 /* Build configuration list for PBXProject "QuartzFun" */ = {
			isa = XCConfigurationList;
			buildConfigurations = (
				009BF7AA17EC31DB00AB8E82 /* Debug */,
				009BF7AB17EC31DB00AB8E82 /* Release */,
			);
			defaultConfigurationIsVisible = 0;
			defaultConfigurationName = Release;
		};
		009BF7AC17EC31DB00AB8E82 /* Build configuration list for PBXNativeTarget "QuartzFun" */ = {
			isa = XCConfigurationList;
			buildConfigurations = (
				009BF7AD17EC31DB00AB8E82 /* Debug */,
				009BF7AE17EC31DB00AB8E82 /* Release */,
			);
			defaultConfigurationIsVisible = 0;
		};
/* End XCConfigurationList section */
	};
	rootObject = 009BF78517EC31DA00AB8E82 /* Project object */;
}
